// !$*UTF8*$!
{
	archiveVersion = 1;
	classes = {
	};
	objectVersion = 77;
	objects = {

/* Begin PBXBuildFile section */
		6CBD35B72DA4FEA3009E910D /* Lottie in Frameworks */ = {isa = PBXBuildFile; productRef = 6CBC94722D8C42B100113478 /* Lottie */; };
		6CBD35B82DA4FEA3009E910D /* FirebaseAnalytics in Frameworks */ = {isa = PBXBuildFile; productRef = 6C809C692D9FAF8E00AFD156 /* FirebaseAnalytics */; };
		6CBD35B92DA4FEA3009E910D /* FirebaseAnalyticsOnDeviceConversion in Frameworks */ = {isa = PBXBuildFile; productRef = 6C809C6B2D9FB07700AFD156 /* FirebaseAnalyticsOnDeviceConversion */; };
		6CBD35BA2DA4FEA3009E910D /* FirebaseAnalyticsWithoutAdIdSupport in Frameworks */ = {isa = PBXBuildFile; productRef = 6C809C6D2D9FB07700AFD156 /* FirebaseAnalyticsWithoutAdIdSupport */; };
		6CBD35BB2DA4FEA3009E910D /* FirebaseAppCheck in Frameworks */ = {isa = PBXBuildFile; productRef = 6C809C6F2D9FB07700AFD156 /* FirebaseAppCheck */; };
		6CBD35BC2DA4FEA3009E910D /* FirebaseAppDistribution-Beta in Frameworks */ = {isa = PBXBuildFile; productRef = 6C809C712D9FB07700AFD156 /* FirebaseAppDistribution-Beta */; };
		6CBD35BD2DA4FEA3009E910D /* FirebaseAuth in Frameworks */ = {isa = PBXBuildFile; productRef = 6C809CB22D9FBACB00AFD156 /* FirebaseAuth */; };
		6CBD36292DA50588009E910D /* SwiftyUserDefaults in Frameworks */ = {isa = PBXBuildFile; productRef = 6CBD36282DA50588009E910D /* SwiftyUserDefaults */; };
/* End PBXBuildFile section */

/* Begin PBXContainerItemProxy section */
		6CBDE7A82D672F2B00486400 /* PBXContainerItemProxy */ = {
			isa = PBXContainerItemProxy;
			containerPortal = 6CBDE78A2D672F2300486400 /* Project object */;
			proxyType = 1;
			remoteGlobalIDString = 6CBDE7912D672F2300486400;
			remoteInfo = HimikoCoach;
		};
		6CBDE7B22D672F2B00486400 /* PBXContainerItemProxy */ = {
			isa = PBXContainerItemProxy;
			containerPortal = 6CBDE78A2D672F2300486400 /* Project object */;
			proxyType = 1;
			remoteGlobalIDString = 6CBDE7912D672F2300486400;
			remoteInfo = HimikoCoach;
		};
/* End PBXContainerItemProxy section */

/* Begin PBXFileReference section */
		6CBDE7922D672F2300486400 /* HimikoCoach.app */ = {isa = PBXFileReference; explicitFileType = wrapper.application; includeInIndex = 0; path = HimikoCoach.app; sourceTree = BUILT_PRODUCTS_DIR; };
		6CBDE7A72D672F2B00486400 /* HimikoCoachTests.xctest */ = {isa = PBXFileReference; explicitFileType = wrapper.cfbundle; includeInIndex = 0; path = HimikoCoachTests.xctest; sourceTree = BUILT_PRODUCTS_DIR; };
		6CBDE7B12D672F2B00486400 /* HimikoCoachUITests.xctest */ = {isa = PBXFileReference; explicitFileType = wrapper.cfbundle; includeInIndex = 0; path = HimikoCoachUITests.xctest; sourceTree = BUILT_PRODUCTS_DIR; };
/* End PBXFileReference section */

/* Begin PBXFileSystemSynchronizedBuildFileExceptionSet section */
		6C809CB72D9FC4DF00AFD156 /* Exceptions for "HimikoCoach" folder in "HimikoCoach" target */ = {
			isa = PBXFileSystemSynchronizedBuildFileExceptionSet;
			membershipExceptions = (
				Info.plist,
			);
			target = 6CBDE7912D672F2300486400 /* HimikoCoach */;
		};
/* End PBXFileSystemSynchronizedBuildFileExceptionSet section */

/* Begin PBXFileSystemSynchronizedRootGroup section */
		6CBDE7942D672F2300486400 /* HimikoCoach */ = {
			isa = PBXFileSystemSynchronizedRootGroup;
			exceptions = (
				6C809CB72D9FC4DF00AFD156 /* Exceptions for "HimikoCoach" folder in "HimikoCoach" target */,
			);
			path = HimikoCoach;
			sourceTree = "<group>";
		};
		6CBDE7AA2D672F2B00486400 /* HimikoCoachTests */ = {
			isa = PBXFileSystemSynchronizedRootGroup;
			path = HimikoCoachTests;
			sourceTree = "<group>";
		};
		6CBDE7B42D672F2B00486400 /* HimikoCoachUITests */ = {
			isa = PBXFileSystemSynchronizedRootGroup;
			path = HimikoCoachUITests;
			sourceTree = "<group>";
		};
/* End PBXFileSystemSynchronizedRootGroup section */

/* Begin PBXFrameworksBuildPhase section */
		6CBDE78F2D672F2300486400 /* Frameworks */ = {
			isa = PBXFrameworksBuildPhase;
			buildActionMask = 2147483647;
			files = (
				6CBD35BD2DA4FEA3009E910D /* FirebaseAuth in Frameworks */,
				6CBD35BC2DA4FEA3009E910D /* FirebaseAppDistribution-Beta in Frameworks */,
				6CBD35BB2DA4FEA3009E910D /* FirebaseAppCheck in Frameworks */,
				6CBD35BA2DA4FEA3009E910D /* FirebaseAnalyticsWithoutAdIdSupport in Frameworks */,
				6CBD35B92DA4FEA3009E910D /* FirebaseAnalyticsOnDeviceConversion in Frameworks */,
				6CBD35B82DA4FEA3009E910D /* FirebaseAnalytics in Frameworks */,
				6CBD35B72DA4FEA3009E910D /* Lottie in Frameworks */,
				6CBD36292DA50588009E910D /* SwiftyUserDefaults in Frameworks */,
			);
			runOnlyForDeploymentPostprocessing = 0;
		};
		6CBDE7A42D672F2B00486400 /* Frameworks */ = {
			isa = PBXFrameworksBuildPhase;
			buildActionMask = 2147483647;
			files = (
			);
			runOnlyForDeploymentPostprocessing = 0;
		};
		6CBDE7AE2D672F2B00486400 /* Frameworks */ = {
			isa = PBXFrameworksBuildPhase;
			buildActionMask = 2147483647;
			files = (
			);
			runOnlyForDeploymentPostprocessing = 0;
		};
/* End PBXFrameworksBuildPhase section */

/* Begin PBXGroup section */
		6C809CB12D9FBACB00AFD156 /* Frameworks */ = {
			isa = PBXGroup;
			children = (
			);
			name = Frameworks;
			sourceTree = "<group>";
		};
		6CBDE7892D672F2300486400 = {
			isa = PBXGroup;
			children = (
				6CBDE7AA2D672F2B00486400 /* HimikoCoachTests */,
				6CBDE7B42D672F2B00486400 /* HimikoCoachUITests */,
				6CBDE7932D672F2300486400 /* Products */,
				6CBDE7942D672F2300486400 /* HimikoCoach */,
				6C809CB12D9FBACB00AFD156 /* Frameworks */,
			);
			sourceTree = "<group>";
		};
		6CBDE7932D672F2300486400 /* Products */ = {
			isa = PBXGroup;
			children = (
				6CBDE7922D672F2300486400 /* HimikoCoach.app */,
				6CBDE7A72D672F2B00486400 /* HimikoCoachTests.xctest */,
				6CBDE7B12D672F2B00486400 /* HimikoCoachUITests.xctest */,
			);
			name = Products;
			sourceTree = "<group>";
		};
/* End PBXGroup section */

/* Begin PBXNativeTarget section */
		6CBDE7912D672F2300486400 /* HimikoCoach */ = {
			isa = PBXNativeTarget;
			buildConfigurationList = 6CBDE7BB2D672F2B00486400 /* Build configuration list for PBXNativeTarget "HimikoCoach" */;
			buildPhases = (
				6CBDE78E2D672F2300486400 /* Sources */,
				6CBDE78F2D672F2300486400 /* Frameworks */,
				6CBDE7902D672F2300486400 /* Resources */,
			);
			buildRules = (
			);
			dependencies = (
			);
			fileSystemSynchronizedGroups = (
				6CBDE7942D672F2300486400 /* HimikoCoach */,
			);
			name = HimikoCoach;
			packageProductDependencies = (
				6CBC94722D8C42B100113478 /* Lottie */,
				6C809C692D9FAF8E00AFD156 /* FirebaseAnalytics */,
				6C809C6B2D9FB07700AFD156 /* FirebaseAnalyticsOnDeviceConversion */,
				6C809C6D2D9FB07700AFD156 /* FirebaseAnalyticsWithoutAdIdSupport */,
				6C809C6F2D9FB07700AFD156 /* FirebaseAppCheck */,
				6C809C712D9FB07700AFD156 /* FirebaseAppDistribution-Beta */,
				6C809CB22D9FBACB00AFD156 /* FirebaseAuth */,
				6CBD36282DA50588009E910D /* SwiftyUserDefaults */,
			);
			productName = HimikoCoach;
			productReference = 6CBDE7922D672F2300486400 /* HimikoCoach.app */;
			productType = "com.apple.product-type.application";
		};
		6CBDE7A62D672F2B00486400 /* HimikoCoachTests */ = {
			isa = PBXNativeTarget;
			buildConfigurationList = 6CBDE7BE2D672F2B00486400 /* Build configuration list for PBXNativeTarget "HimikoCoachTests" */;
			buildPhases = (
				6CBDE7A32D672F2B00486400 /* Sources */,
				6CBDE7A42D672F2B00486400 /* Frameworks */,
				6CBDE7A52D672F2B00486400 /* Resources */,
			);
			buildRules = (
			);
			dependencies = (
				6CBDE7A92D672F2B00486400 /* PBXTargetDependency */,
			);
			fileSystemSynchronizedGroups = (
				6CBDE7AA2D672F2B00486400 /* HimikoCoachTests */,
			);
			name = HimikoCoachTests;
			packageProductDependencies = (
			);
			productName = HimikoCoachTests;
			productReference = 6CBDE7A72D672F2B00486400 /* HimikoCoachTests.xctest */;
			productType = "com.apple.product-type.bundle.unit-test";
		};
		6CBDE7B02D672F2B00486400 /* HimikoCoachUITests */ = {
			isa = PBXNativeTarget;
			buildConfigurationList = 6CBDE7C12D672F2B00486400 /* Build configuration list for PBXNativeTarget "HimikoCoachUITests" */;
			buildPhases = (
				6CBDE7AD2D672F2B00486400 /* Sources */,
				6CBDE7AE2D672F2B00486400 /* Frameworks */,
				6CBDE7AF2D672F2B00486400 /* Resources */,
			);
			buildRules = (
			);
			dependencies = (
				6CBDE7B32D672F2B00486400 /* PBXTargetDependency */,
			);
			fileSystemSynchronizedGroups = (
				6CBDE7B42D672F2B00486400 /* HimikoCoachUITests */,
			);
			name = HimikoCoachUITests;
			packageProductDependencies = (
			);
			productName = HimikoCoachUITests;
			productReference = 6CBDE7B12D672F2B00486400 /* HimikoCoachUITests.xctest */;
			productType = "com.apple.product-type.bundle.ui-testing";
		};
/* End PBXNativeTarget section */

/* Begin PBXProject section */
		6CBDE78A2D672F2300486400 /* Project object */ = {
			isa = PBXProject;
			attributes = {
				BuildIndependentTargetsInParallel = 1;
				LastSwiftUpdateCheck = 1620;
				LastUpgradeCheck = 1620;
				TargetAttributes = {
					6CBDE7912D672F2300486400 = {
						CreatedOnToolsVersion = 16.2;
					};
					6CBDE7A62D672F2B00486400 = {
						CreatedOnToolsVersion = 16.2;
						TestTargetID = 6CBDE7912D672F2300486400;
					};
					6CBDE7B02D672F2B00486400 = {
						CreatedOnToolsVersion = 16.2;
						TestTargetID = 6CBDE7912D672F2300486400;
					};
				};
			};
			buildConfigurationList = 6CBDE78D2D672F2300486400 /* Build configuration list for PBXProject "HimikoCoach" */;
			developmentRegion = en;
			hasScannedForEncodings = 0;
			knownRegions = (
				en,
				Base,
			);
			mainGroup = 6CBDE7892D672F2300486400;
			minimizedProjectReferenceProxies = 1;
			packageReferences = (
				6CBC94712D8C42B100113478 /* XCRemoteSwiftPackageReference "lottie-ios" */,
				6C809C682D9FAF8E00AFD156 /* XCRemoteSwiftPackageReference "firebase-ios-sdk" */,
				6C809CB02D9FBA4400AFD156 /* XCRemoteSwiftPackageReference "FirebaseUI-iOS" */,
				6C809CF32DA4A8BD00AFD156 /* XCRemoteSwiftPackageReference "SwiftyUserDefaults" */,
			);
			preferredProjectObjectVersion = 77;
			productRefGroup = 6CBDE7932D672F2300486400 /* Products */;
			projectDirPath = "";
			projectRoot = "";
			targets = (
				6CBDE7912D672F2300486400 /* HimikoCoach */,
				6CBDE7A62D672F2B00486400 /* HimikoCoachTests */,
				6CBDE7B02D672F2B00486400 /* HimikoCoachUITests */,
			);
		};
/* End PBXProject section */

/* Begin PBXResourcesBuildPhase section */
		6CBDE7902D672F2300486400 /* Resources */ = {
			isa = PBXResourcesBuildPhase;
			buildActionMask = 2147483647;
			files = (
			);
			runOnlyForDeploymentPostprocessing = 0;
		};
		6CBDE7A52D672F2B00486400 /* Resources */ = {
			isa = PBXResourcesBuildPhase;
			buildActionMask = 2147483647;
			files = (
			);
			runOnlyForDeploymentPostprocessing = 0;
		};
		6CBDE7AF2D672F2B00486400 /* Resources */ = {
			isa = PBXResourcesBuildPhase;
			buildActionMask = 2147483647;
			files = (
			);
			runOnlyForDeploymentPostprocessing = 0;
		};
/* End PBXResourcesBuildPhase section */

/* Begin PBXSourcesBuildPhase section */
		6CBDE78E2D672F2300486400 /* Sources */ = {
			isa = PBXSourcesBuildPhase;
			buildActionMask = 2147483647;
			files = (
			);
			runOnlyForDeploymentPostprocessing = 0;
		};
		6CBDE7A32D672F2B00486400 /* Sources */ = {
			isa = PBXSourcesBuildPhase;
			buildActionMask = 2147483647;
			files = (
			);
			runOnlyForDeploymentPostprocessing = 0;
		};
		6CBDE7AD2D672F2B00486400 /* Sources */ = {
			isa = PBXSourcesBuildPhase;
			buildActionMask = 2147483647;
			files = (
			);
			runOnlyForDeploymentPostprocessing = 0;
		};
/* End PBXSourcesBuildPhase section */

/* Begin PBXTargetDependency section */
		6CBDE7A92D672F2B00486400 /* PBXTargetDependency */ = {
			isa = PBXTargetDependency;
			target = 6CBDE7912D672F2300486400 /* HimikoCoach */;
			targetProxy = 6CBDE7A82D672F2B00486400 /* PBXContainerItemProxy */;
		};
		6CBDE7B32D672F2B00486400 /* PBXTargetDependency */ = {
			isa = PBXTargetDependency;
			target = 6CBDE7912D672F2300486400 /* HimikoCoach */;
			targetProxy = 6CBDE7B22D672F2B00486400 /* PBXContainerItemProxy */;
		};
/* End PBXTargetDependency section */

/* Begin XCBuildConfiguration section */
		6CBDE7B92D672F2B00486400 /* Debug */ = {
			isa = XCBuildConfiguration;
			buildSettings = {
				ALWAYS_SEARCH_USER_PATHS = NO;
				ASSETCATALOG_COMPILER_GENERATE_SWIFT_ASSET_SYMBOL_EXTENSIONS = YES;
				CLANG_ANALYZER_NONNULL = YES;
				CLANG_ANALYZER_NUMBER_OBJECT_CONVERSION = YES_AGGRESSIVE;
				CLANG_CXX_LANGUAGE_STANDARD = "gnu++20";
				CLANG_ENABLE_MODULES = YES;
				CLANG_ENABLE_OBJC_ARC = YES;
				CLANG_ENABLE_OBJC_WEAK = YES;
				CLANG_WARN_BLOCK_CAPTURE_AUTORELEASING = YES;
				CLANG_WARN_BOOL_CONVERSION = YES;
				CLANG_WARN_COMMA = YES;
				CLANG_WARN_CONSTANT_CONVERSION = YES;
				CLANG_WARN_DEPRECATED_OBJC_IMPLEMENTATIONS = YES;
				CLANG_WARN_DIRECT_OBJC_ISA_USAGE = YES_ERROR;
				CLANG_WARN_DOCUMENTATION_COMMENTS = YES;
				CLANG_WARN_EMPTY_BODY = YES;
				CLANG_WARN_ENUM_CONVERSION = YES;
				CLANG_WARN_INFINITE_RECURSION = YES;
				CLANG_WARN_INT_CONVERSION = YES;
				CLANG_WARN_NON_LITERAL_NULL_CONVERSION = YES;
				CLANG_WARN_OBJC_IMPLICIT_RETAIN_SELF = YES;
				CLANG_WARN_OBJC_LITERAL_CONVERSION = YES;
				CLANG_WARN_OBJC_ROOT_CLASS = YES_ERROR;
				CLANG_WARN_QUOTED_INCLUDE_IN_FRAMEWORK_HEADER = YES;
				CLANG_WARN_RANGE_LOOP_ANALYSIS = YES;
				CLANG_WARN_STRICT_PROTOTYPES = YES;
				CLANG_WARN_SUSPICIOUS_MOVE = YES;
				CLANG_WARN_UNGUARDED_AVAILABILITY = YES_AGGRESSIVE;
				CLANG_WARN_UNREACHABLE_CODE = YES;
				CLANG_WARN__DUPLICATE_METHOD_MATCH = YES;
				COPY_PHASE_STRIP = NO;
				DEBUG_INFORMATION_FORMAT = dwarf;
				ENABLE_STRICT_OBJC_MSGSEND = YES;
				ENABLE_TESTABILITY = YES;
				ENABLE_USER_SCRIPT_SANDBOXING = YES;
				GCC_C_LANGUAGE_STANDARD = gnu17;
				GCC_DYNAMIC_NO_PIC = NO;
				GCC_NO_COMMON_BLOCKS = YES;
				GCC_OPTIMIZATION_LEVEL = 0;
				GCC_PREPROCESSOR_DEFINITIONS = (
					"DEBUG=1",
					"$(inherited)",
				);
				GCC_WARN_64_TO_32_BIT_CONVERSION = YES;
				GCC_WARN_ABOUT_RETURN_TYPE = YES_ERROR;
				GCC_WARN_UNDECLARED_SELECTOR = YES;
				GCC_WARN_UNINITIALIZED_AUTOS = YES_AGGRESSIVE;
				GCC_WARN_UNUSED_FUNCTION = YES;
				GCC_WARN_UNUSED_VARIABLE = YES;
				IPHONEOS_DEPLOYMENT_TARGET = 18.2;
				LOCALIZATION_PREFERS_STRING_CATALOGS = YES;
				MTL_ENABLE_DEBUG_INFO = INCLUDE_SOURCE;
				MTL_FAST_MATH = YES;
				ONLY_ACTIVE_ARCH = YES;
				SDKROOT = iphoneos;
				SWIFT_ACTIVE_COMPILATION_CONDITIONS = "DEBUG $(inherited)";
				SWIFT_OPTIMIZATION_LEVEL = "-Onone";
			};
			name = Debug;
		};
		6CBDE7BA2D672F2B00486400 /* Release */ = {
			isa = XCBuildConfiguration;
			buildSettings = {
				ALWAYS_SEARCH_USER_PATHS = NO;
				ASSETCATALOG_COMPILER_GENERATE_SWIFT_ASSET_SYMBOL_EXTENSIONS = YES;
				CLANG_ANALYZER_NONNULL = YES;
				CLANG_ANALYZER_NUMBER_OBJECT_CONVERSION = YES_AGGRESSIVE;
				CLANG_CXX_LANGUAGE_STANDARD = "gnu++20";
				CLANG_ENABLE_MODULES = YES;
				CLANG_ENABLE_OBJC_ARC = YES;
				CLANG_ENABLE_OBJC_WEAK = YES;
				CLANG_WARN_BLOCK_CAPTURE_AUTORELEASING = YES;
				CLANG_WARN_BOOL_CONVERSION = YES;
				CLANG_WARN_COMMA = YES;
				CLANG_WARN_CONSTANT_CONVERSION = YES;
				CLANG_WARN_DEPRECATED_OBJC_IMPLEMENTATIONS = YES;
				CLANG_WARN_DIRECT_OBJC_ISA_USAGE = YES_ERROR;
				CLANG_WARN_DOCUMENTATION_COMMENTS = YES;
				CLANG_WARN_EMPTY_BODY = YES;
				CLANG_WARN_ENUM_CONVERSION = YES;
				CLANG_WARN_INFINITE_RECURSION = YES;
				CLANG_WARN_INT_CONVERSION = YES;
				CLANG_WARN_NON_LITERAL_NULL_CONVERSION = YES;
				CLANG_WARN_OBJC_IMPLICIT_RETAIN_SELF = YES;
				CLANG_WARN_OBJC_LITERAL_CONVERSION = YES;
				CLANG_WARN_OBJC_ROOT_CLASS = YES_ERROR;
				CLANG_WARN_QUOTED_INCLUDE_IN_FRAMEWORK_HEADER = YES;
				CLANG_WARN_RANGE_LOOP_ANALYSIS = YES;
				CLANG_WARN_STRICT_PROTOTYPES = YES;
				CLANG_WARN_SUSPICIOUS_MOVE = YES;
				CLANG_WARN_UNGUARDED_AVAILABILITY = YES_AGGRESSIVE;
				CLANG_WARN_UNREACHABLE_CODE = YES;
				CLANG_WARN__DUPLICATE_METHOD_MATCH = YES;
				COPY_PHASE_STRIP = NO;
				DEBUG_INFORMATION_FORMAT = "dwarf-with-dsym";
				ENABLE_NS_ASSERTIONS = NO;
				ENABLE_STRICT_OBJC_MSGSEND = YES;
				ENABLE_USER_SCRIPT_SANDBOXING = YES;
				GCC_C_LANGUAGE_STANDARD = gnu17;
				GCC_NO_COMMON_BLOCKS = YES;
				GCC_WARN_64_TO_32_BIT_CONVERSION = YES;
				GCC_WARN_ABOUT_RETURN_TYPE = YES_ERROR;
				GCC_WARN_UNDECLARED_SELECTOR = YES;
				GCC_WARN_UNINITIALIZED_AUTOS = YES_AGGRESSIVE;
				GCC_WARN_UNUSED_FUNCTION = YES;
				GCC_WARN_UNUSED_VARIABLE = YES;
				IPHONEOS_DEPLOYMENT_TARGET = 18.2;
				LOCALIZATION_PREFERS_STRING_CATALOGS = YES;
				MTL_ENABLE_DEBUG_INFO = NO;
				MTL_FAST_MATH = YES;
				SDKROOT = iphoneos;
				SWIFT_COMPILATION_MODE = wholemodule;
				VALIDATE_PRODUCT = YES;
			};
			name = Release;
		};
		6CBDE7BC2D672F2B00486400 /* Debug */ = {
			isa = XCBuildConfiguration;
			buildSettings = {
				ASSETCATALOG_COMPILER_APPICON_NAME = AppIcon;
				ASSETCATALOG_COMPILER_GLOBAL_ACCENT_COLOR_NAME = AccentColor;
				CODE_SIGN_STYLE = Automatic;
				CURRENT_PROJECT_VERSION = 1;
				DEVELOPMENT_ASSET_PATHS = "\"HimikoCoach/Preview Content\"";
				DEVELOPMENT_TEAM = 6T7K6GCGX4;
				ENABLE_PREVIEWS = YES;
				GENERATE_INFOPLIST_FILE = YES;
				INFOPLIST_FILE = HimikoCoach/Info.plist;
				INFOPLIST_KEY_NSLocationWhenInUseUsageDescription = "アプリが使用中に位置情報を取得します。";
				INFOPLIST_KEY_UIApplicationSceneManifest_Generation = YES;
				INFOPLIST_KEY_UIApplicationSupportsIndirectInputEvents = YES;
				INFOPLIST_KEY_UILaunchScreen_Generation = YES;
				INFOPLIST_KEY_UISupportedInterfaceOrientations_iPad = "UIInterfaceOrientationPortrait UIInterfaceOrientationPortraitUpsideDown UIInterfaceOrientationLandscapeLeft UIInterfaceOrientationLandscapeRight";
				INFOPLIST_KEY_UISupportedInterfaceOrientations_iPhone = "UIInterfaceOrientationPortrait UIInterfaceOrientationLandscapeLeft UIInterfaceOrientationLandscapeRight";
				IPHONEOS_DEPLOYMENT_TARGET = 18.0;
				LD_RUNPATH_SEARCH_PATHS = (
					"$(inherited)",
					"@executable_path/Frameworks",
				);
				MARKETING_VERSION = 1.0;
				PRODUCT_BUNDLE_IDENTIFIER = t.fukuyama.HimikoCoach;
				PRODUCT_NAME = "$(TARGET_NAME)";
				SWIFT_EMIT_LOC_STRINGS = YES;
				SWIFT_VERSION = 5.0;
				TARGETED_DEVICE_FAMILY = "1,2";
			};
			name = Debug;
		};
		6CBDE7BD2D672F2B00486400 /* Release */ = {
			isa = XCBuildConfiguration;
			buildSettings = {
				ASSETCATALOG_COMPILER_APPICON_NAME = AppIcon;
				ASSETCATALOG_COMPILER_GLOBAL_ACCENT_COLOR_NAME = AccentColor;
				CODE_SIGN_STYLE = Automatic;
				CURRENT_PROJECT_VERSION = 1;
				DEVELOPMENT_ASSET_PATHS = "\"HimikoCoach/Preview Content\"";
				DEVELOPMENT_TEAM = 6T7K6GCGX4;
				ENABLE_PREVIEWS = YES;
				GENERATE_INFOPLIST_FILE = YES;
				INFOPLIST_FILE = HimikoCoach/Info.plist;
				INFOPLIST_KEY_NSLocationWhenInUseUsageDescription = "アプリが使用中に位置情報を取得します。";
				INFOPLIST_KEY_UIApplicationSceneManifest_Generation = YES;
				INFOPLIST_KEY_UIApplicationSupportsIndirectInputEvents = YES;
				INFOPLIST_KEY_UILaunchScreen_Generation = YES;
				INFOPLIST_KEY_UISupportedInterfaceOrientations_iPad = "UIInterfaceOrientationPortrait UIInterfaceOrientationPortraitUpsideDown UIInterfaceOrientationLandscapeLeft UIInterfaceOrientationLandscapeRight";
				INFOPLIST_KEY_UISupportedInterfaceOrientations_iPhone = "UIInterfaceOrientationPortrait UIInterfaceOrientationLandscapeLeft UIInterfaceOrientationLandscapeRight";
				IPHONEOS_DEPLOYMENT_TARGET = 18.0;
				LD_RUNPATH_SEARCH_PATHS = (
					"$(inherited)",
					"@executable_path/Frameworks",
				);
				MARKETING_VERSION = 1.0;
				PRODUCT_BUNDLE_IDENTIFIER = t.fukuyama.HimikoCoach;
				PRODUCT_NAME = "$(TARGET_NAME)";
				SWIFT_EMIT_LOC_STRINGS = YES;
				SWIFT_VERSION = 5.0;
				TARGETED_DEVICE_FAMILY = "1,2";
			};
			name = Release;
		};
		6CBDE7BF2D672F2B00486400 /* Debug */ = {
			isa = XCBuildConfiguration;
			buildSettings = {
				BUNDLE_LOADER = "$(TEST_HOST)";
				CODE_SIGN_STYLE = Automatic;
				CURRENT_PROJECT_VERSION = 1;
				DEVELOPMENT_TEAM = 6T7K6GCGX4;
				GENERATE_INFOPLIST_FILE = YES;
				IPHONEOS_DEPLOYMENT_TARGET = 18.2;
				MARKETING_VERSION = 1.0;
				PRODUCT_BUNDLE_IDENTIFIER = t.fukuyama.HimikoCoachTests;
				PRODUCT_NAME = "$(TARGET_NAME)";
				SWIFT_EMIT_LOC_STRINGS = NO;
				SWIFT_VERSION = 5.0;
				TARGETED_DEVICE_FAMILY = "1,2";
				TEST_HOST = "$(BUILT_PRODUCTS_DIR)/HimikoCoach.app/$(BUNDLE_EXECUTABLE_FOLDER_PATH)/HimikoCoach";
			};
			name = Debug;
		};
		6CBDE7C02D672F2B00486400 /* Release */ = {
			isa = XCBuildConfiguration;
			buildSettings = {
				BUNDLE_LOADER = "$(TEST_HOST)";
				CODE_SIGN_STYLE = Automatic;
				CURRENT_PROJECT_VERSION = 1;
				DEVELOPMENT_TEAM = 6T7K6GCGX4;
				GENERATE_INFOPLIST_FILE = YES;
				IPHONEOS_DEPLOYMENT_TARGET = 18.2;
				MARKETING_VERSION = 1.0;
				PRODUCT_BUNDLE_IDENTIFIER = t.fukuyama.HimikoCoachTests;
				PRODUCT_NAME = "$(TARGET_NAME)";
				SWIFT_EMIT_LOC_STRINGS = NO;
				SWIFT_VERSION = 5.0;
				TARGETED_DEVICE_FAMILY = "1,2";
				TEST_HOST = "$(BUILT_PRODUCTS_DIR)/HimikoCoach.app/$(BUNDLE_EXECUTABLE_FOLDER_PATH)/HimikoCoach";
			};
			name = Release;
		};
		6CBDE7C22D672F2B00486400 /* Debug */ = {
			isa = XCBuildConfiguration;
			buildSettings = {
				CODE_SIGN_STYLE = Automatic;
				CURRENT_PROJECT_VERSION = 1;
				DEVELOPMENT_TEAM = 6T7K6GCGX4;
				GENERATE_INFOPLIST_FILE = YES;
				MARKETING_VERSION = 1.0;
				PRODUCT_BUNDLE_IDENTIFIER = t.fukuyama.HimikoCoachUITests;
				PRODUCT_NAME = "$(TARGET_NAME)";
				SWIFT_EMIT_LOC_STRINGS = NO;
				SWIFT_VERSION = 5.0;
				TARGETED_DEVICE_FAMILY = "1,2";
				TEST_TARGET_NAME = HimikoCoach;
			};
			name = Debug;
		};
		6CBDE7C32D672F2B00486400 /* Release */ = {
			isa = XCBuildConfiguration;
			buildSettings = {
				CODE_SIGN_STYLE = Automatic;
				CURRENT_PROJECT_VERSION = 1;
				DEVELOPMENT_TEAM = 6T7K6GCGX4;
				GENERATE_INFOPLIST_FILE = YES;
				MARKETING_VERSION = 1.0;
				PRODUCT_BUNDLE_IDENTIFIER = t.fukuyama.HimikoCoachUITests;
				PRODUCT_NAME = "$(TARGET_NAME)";
				SWIFT_EMIT_LOC_STRINGS = NO;
				SWIFT_VERSION = 5.0;
				TARGETED_DEVICE_FAMILY = "1,2";
				TEST_TARGET_NAME = HimikoCoach;
			};
			name = Release;
		};
/* End XCBuildConfiguration section */

/* Begin XCConfigurationList section */
		6CBDE78D2D672F2300486400 /* Build configuration list for PBXProject "HimikoCoach" */ = {
			isa = XCConfigurationList;
			buildConfigurations = (
				6CBDE7B92D672F2B00486400 /* Debug */,
				6CBDE7BA2D672F2B00486400 /* Release */,
			);
			defaultConfigurationIsVisible = 0;
			defaultConfigurationName = Release;
		};
		6CBDE7BB2D672F2B00486400 /* Build configuration list for PBXNativeTarget "HimikoCoach" */ = {
			isa = XCConfigurationList;
			buildConfigurations = (
				6CBDE7BC2D672F2B00486400 /* Debug */,
				6CBDE7BD2D672F2B00486400 /* Release */,
			);
			defaultConfigurationIsVisible = 0;
			defaultConfigurationName = Release;
		};
		6CBDE7BE2D672F2B00486400 /* Build configuration list for PBXNativeTarget "HimikoCoachTests" */ = {
			isa = XCConfigurationList;
			buildConfigurations = (
				6CBDE7BF2D672F2B00486400 /* Debug */,
				6CBDE7C02D672F2B00486400 /* Release */,
			);
			defaultConfigurationIsVisible = 0;
			defaultConfigurationName = Release;
		};
		6CBDE7C12D672F2B00486400 /* Build configuration list for PBXNativeTarget "HimikoCoachUITests" */ = {
			isa = XCConfigurationList;
			buildConfigurations = (
				6CBDE7C22D672F2B00486400 /* Debug */,
				6CBDE7C32D672F2B00486400 /* Release */,
			);
			defaultConfigurationIsVisible = 0;
			defaultConfigurationName = Release;
		};
/* End XCConfigurationList section */

/* Begin XCRemoteSwiftPackageReference section */
		6C809C682D9FAF8E00AFD156 /* XCRemoteSwiftPackageReference "firebase-ios-sdk" */ = {
			isa = XCRemoteSwiftPackageReference;
			repositoryURL = "https://github.com/firebase/firebase-ios-sdk.git";
			requirement = {
				kind = upToNextMajorVersion;
				minimumVersion = 11.11.0;
			};
		};
		6C809CB02D9FBA4400AFD156 /* XCRemoteSwiftPackageReference "FirebaseUI-iOS" */ = {
			isa = XCRemoteSwiftPackageReference;
			repositoryURL = "https://github.com/firebase/FirebaseUI-iOS.git";
			requirement = {
				branch = main;
				kind = branch;
			};
		};
		6C809CF32DA4A8BD00AFD156 /* XCRemoteSwiftPackageReference "SwiftyUserDefaults" */ = {
			isa = XCRemoteSwiftPackageReference;
			repositoryURL = "https://github.com/sunshinejr/SwiftyUserDefaults.git";
			requirement = {
				kind = upToNextMajorVersion;
				minimumVersion = 5.3.0;
			};
		};
		6CBC94712D8C42B100113478 /* XCRemoteSwiftPackageReference "lottie-ios" */ = {
			isa = XCRemoteSwiftPackageReference;
			repositoryURL = "https://github.com/airbnb/lottie-ios.git";
			requirement = {
				kind = upToNextMajorVersion;
				minimumVersion = 4.5.1;
			};
		};
/* End XCRemoteSwiftPackageReference section */

/* Begin XCSwiftPackageProductDependency section */
		6C809C692D9FAF8E00AFD156 /* FirebaseAnalytics */ = {
			isa = XCSwiftPackageProductDependency;
			package = 6C809C682D9FAF8E00AFD156 /* XCRemoteSwiftPackageReference "firebase-ios-sdk" */;
			productName = FirebaseAnalytics;
		};
		6C809C6B2D9FB07700AFD156 /* FirebaseAnalyticsOnDeviceConversion */ = {
			isa = XCSwiftPackageProductDependency;
			package = 6C809C682D9FAF8E00AFD156 /* XCRemoteSwiftPackageReference "firebase-ios-sdk" */;
			productName = FirebaseAnalyticsOnDeviceConversion;
		};
		6C809C6D2D9FB07700AFD156 /* FirebaseAnalyticsWithoutAdIdSupport */ = {
			isa = XCSwiftPackageProductDependency;
			package = 6C809C682D9FAF8E00AFD156 /* XCRemoteSwiftPackageReference "firebase-ios-sdk" */;
			productName = FirebaseAnalyticsWithoutAdIdSupport;
		};
		6C809C6F2D9FB07700AFD156 /* FirebaseAppCheck */ = {
			isa = XCSwiftPackageProductDependency;
			package = 6C809C682D9FAF8E00AFD156 /* XCRemoteSwiftPackageReference "firebase-ios-sdk" */;
			productName = FirebaseAppCheck;
		};
		6C809C712D9FB07700AFD156 /* FirebaseAppDistribution-Beta */ = {
			isa = XCSwiftPackageProductDependency;
			package = 6C809C682D9FAF8E00AFD156 /* XCRemoteSwiftPackageReference "firebase-ios-sdk" */;
			productName = "FirebaseAppDistribution-Beta";
		};
		6C809CB22D9FBACB00AFD156 /* FirebaseAuth */ = {
			isa = XCSwiftPackageProductDependency;
			package = 6C809C682D9FAF8E00AFD156 /* XCRemoteSwiftPackageReference "firebase-ios-sdk" */;
			productName = FirebaseAuth;
		};
		6CBC94722D8C42B100113478 /* Lottie */ = {
			isa = XCSwiftPackageProductDependency;
			package = 6CBC94712D8C42B100113478 /* XCRemoteSwiftPackageReference "lottie-ios" */;
			productName = Lottie;
		};
		6CBD36282DA50588009E910D /* SwiftyUserDefaults */ = {
			isa = XCSwiftPackageProductDependency;
			package = 6C809CF32DA4A8BD00AFD156 /* XCRemoteSwiftPackageReference "SwiftyUserDefaults" */;
			productName = SwiftyUserDefaults;
		};
/* End XCSwiftPackageProductDependency section */
	};
	rootObject = 6CBDE78A2D672F2300486400 /* Project object */;
}
